# This file is automatically @generated by Cargo.
# It is not intended for manual editing.
version = 3

[[package]]
name = "arbitrary"
version = "1.0.0"
source = "registry+https://github.com/rust-lang/crates.io-index"
checksum = "698b65a961a9d730fb45b6b0327e20207810c9f61ee421b082b27ba003f49e2b"

[[package]]
name = "cc"
version = "1.0.67"
source = "registry+https://github.com/rust-lang/crates.io-index"
checksum = "e3c69b077ad434294d3ce9f1f6143a2a4b89a8a2d54ef813d85003a4fd1137fd"

[[package]]
name = "libfuzzer-sys"
version = "0.4.0"
source = "registry+https://github.com/rust-lang/crates.io-index"
checksum = "86c975d637bc2a2f99440932b731491fc34c7f785d239e38af3addd3c2fd0e46"
dependencies = [
 "arbitrary",
 "cc",
]

[[package]]
name = "unicode-segmentation"
version = "1.7.1"

[[package]]
name = "unicode-segmentation-fuzz"
version = "0.0.0"
dependencies = [
 "libfuzzer-sys",
 "unicode-segmentation",
]
