# This file is automatically @generated by Cargo.
# It is not intended for manual editing.
version = 3

[[package]]
name = "arbitrary"
version = "0.4.7"
source = "registry+https://github.com/rust-lang/crates.io-index"
checksum = "db55d72333851e17d572bec876e390cd3b11eb1ef53ae821dd9f3b653d2b4569"

[[package]]
name = "cc"
version = "1.0.67"
source = "registry+https://github.com/rust-lang/crates.io-index"
checksum = "e3c69b077ad434294d3ce9f1f6143a2a4b89a8a2d54ef813d85003a4fd1137fd"

[[package]]
name = "html-escape"
version = "0.2.7"
dependencies = [
 "utf8-width",
]

[[package]]
name = "html-escape-fuzz"
version = "0.0.0"
dependencies = [
 "html-escape",
 "libfuzzer-sys",
]

[[package]]
name = "libfuzzer-sys"
version = "0.3.5"
source = "registry+https://github.com/rust-lang/crates.io-index"
checksum = "fcf184a4b6b274f82a5df6b357da6055d3e82272327bba281c28bbba6f1664ef"
dependencies = [
 "arbitrary",
 "cc",
]

[[package]]
name = "utf8-width"
version = "0.1.4"
source = "registry+https://github.com/rust-lang/crates.io-index"
checksum = "9071ac216321a4470a69fb2b28cfc68dcd1a39acd877c8be8e014df6772d8efa"
