{
  "name": "cifuzz",
  "version": "1.0.0",
  "lockfileVersion": 2,
  "requires": true,
  "packages": {
    "": {
      "version": "1.0.0",
      "license": "Apache2",
      "dependencies": {
        "@actions/artifact": "^0.5.2"
      }
    },
    "node_modules/@actions/artifact": {
      "version": "0.5.2",
      "resolved": "https://registry.npmjs.org/@actions/artifact/-/artifact-0.5.2.tgz",
      "integrity": "sha512-q/r8WSqyxBJ0ffLCRrtjCBTGnAYqP+ID4yG7f7YSlhrQ4thNg/d+Tq9f1YkLPKX46ZR97OWtGDY+oU/nxcqvLw==",
      "dependencies": {
        "@actions/core": "^1.2.6",
        "@actions/http-client": "^1.0.11",
        "@types/tmp": "^0.1.0",
        "tmp": "^0.1.0",
        "tmp-promise": "^2.0.2"
      }
    },
    "node_modules/@actions/core": {
      "version": "1.6.0",
      "resolved": "https://registry.npmjs.org/@actions/core/-/core-1.6.0.tgz",
      "integrity": "sha512-NB1UAZomZlCV/LmJqkLhNTqtKfFXJZAUPcfl/zqG7EfsQdeUJtaWO98SGbuQ3pydJ3fHl2CvI/51OKYlCYYcaw==",
      "dependencies": {
        "@actions/http-client": "^1.0.11"
      }
    },
    "node_modules/@actions/http-client": {
      "version": "1.0.11",
      "resolved": "https://registry.npmjs.org/@actions/http-client/-/http-client-1.0.11.tgz",
      "integrity": "sha512-VRYHGQV1rqnROJqdMvGUbY/Kn8vriQe/F9HR2AlYHzmKuM/p3kjNuXhmdBfcVgsvRWTz5C5XW5xvndZrVBuAYg==",
      "dependencies": {
        "tunnel": "0.0.6"
      }
    },
    "node_modules/@types/tmp": {
      "version": "0.1.0",
      "resolved": "https://registry.npmjs.org/@types/tmp/-/tmp-0.1.0.tgz",
      "integrity": "sha512-6IwZ9HzWbCq6XoQWhxLpDjuADodH/MKXRUIDFudvgjcVdjFknvmR+DNsoUeer4XPrEnrZs04Jj+kfV9pFsrhmA=="
    },
    "node_modules/balanced-match": {
      "version": "1.0.2",
      "resolved": "https://registry.npmjs.org/balanced-match/-/balanced-match-1.0.2.tgz",
      "integrity": "sha512-3oSeUO0TMV67hN1AmbXsK4yaqU7tjiHlbxRDZOpH0KW9+CeX4bRAaX0Anxt0tx2MrpRpWwQaPwIlISEJhYU5Pw=="
    },
    "node_modules/brace-expansion": {
      "version": "1.1.11",
      "resolved": "https://registry.npmjs.org/brace-expansion/-/brace-expansion-1.1.11.tgz",
      "integrity": "sha512-iCuPHDFgrHX7H2vEI/5xpz07zSHB00TpugqhmYtVmMO6518mCuRMoOYFldEBl0g187ufozdaHgWKcYFb61qGiA==",
      "dependencies": {
        "balanced-match": "^1.0.0",
        "concat-map": "0.0.1"
      }
    },
    "node_modules/concat-map": {
      "version": "0.0.1",
      "resolved": "https://registry.npmjs.org/concat-map/-/concat-map-0.0.1.tgz",
      "integrity": "sha1-2Klr13/Wjfd5OnMDajug1UBdR3s="
    },
    "node_modules/fs.realpath": {
      "version": "1.0.0",
      "resolved": "https://registry.npmjs.org/fs.realpath/-/fs.realpath-1.0.0.tgz",
      "integrity": "sha1-FQStJSMVjKpA20onh8sBQRmU6k8="
    },
    "node_modules/glob": {
      "version": "7.2.0",
      "resolved": "https://registry.npmjs.org/glob/-/glob-7.2.0.tgz",
      "integrity": "sha512-lmLf6gtyrPq8tTjSmrO94wBeQbFR3HbLHbuyD69wuyQkImp2hWqMGB47OX65FBkPffO641IP9jWa1z4ivqG26Q==",
      "dependencies": {
        "fs.realpath": "^1.0.0",
        "inflight": "^1.0.4",
        "inherits": "2",
        "minimatch": "^3.0.4",
        "once": "^1.3.0",
        "path-is-absolute": "^1.0.0"
      },
      "engines": {
        "node": "*"
      },
      "funding": {
        "url": "https://github.com/sponsors/isaacs"
      }
    },
    "node_modules/inflight": {
      "version": "1.0.6",
      "resolved": "https://registry.npmjs.org/inflight/-/inflight-1.0.6.tgz",
      "integrity": "sha1-Sb1jMdfQLQwJvJEKEHW6gWW1bfk=",
      "dependencies": {
        "once": "^1.3.0",
        "wrappy": "1"
      }
    },
    "node_modules/inherits": {
      "version": "2.0.4",
      "resolved": "https://registry.npmjs.org/inherits/-/inherits-2.0.4.tgz",
      "integrity": "sha512-k/vGaX4/Yla3WzyMCvTQOXYeIHvqOKtnqBduzTHpzpQZzAskKMhZ2K+EnBiSM9zGSoIFeMpXKxa4dYeZIQqewQ=="
    },
    "node_modules/minimatch": {
      "version": "3.1.2",
      "resolved": "https://registry.npmjs.org/minimatch/-/minimatch-3.1.2.tgz",
      "integrity": "sha512-J7p63hRiAjw1NDEww1W7i37+ByIrOWO5XQQAzZ3VOcL0PNybwpfmV/N05zFAzwQ9USyEcX6t3UO+K5aqBQOIHw==",
      "dependencies": {
        "brace-expansion": "^1.1.7"
      },
      "engines": {
        "node": "*"
      }
    },
    "node_modules/once": {
      "version": "1.4.0",
      "resolved": "https://registry.npmjs.org/once/-/once-1.4.0.tgz",
      "integrity": "sha1-WDsap3WWHUsROsF9nFC6753Xa9E=",
      "dependencies": {
        "wrappy": "1"
      }
    },
    "node_modules/path-is-absolute": {
      "version": "1.0.1",
      "resolved": "https://registry.npmjs.org/path-is-absolute/-/path-is-absolute-1.0.1.tgz",
      "integrity": "sha1-F0uSaHNVNP+8es5r9TpanhtcX18=",
      "engines": {
        "node": ">=0.10.0"
      }
    },
    "node_modules/rimraf": {
      "version": "2.7.1",
      "resolved": "https://registry.npmjs.org/rimraf/-/rimraf-2.7.1.tgz",
      "integrity": "sha512-uWjbaKIK3T1OSVptzX7Nl6PvQ3qAGtKEtVRjRuazjfL3Bx5eI409VZSqgND+4UNnmzLVdPj9FqFJNPqBZFve4w==",
      "dependencies": {
        "glob": "^7.1.3"
      },
      "bin": {
        "rimraf": "bin.js"
      }
    },
    "node_modules/tmp": {
      "version": "0.1.0",
      "resolved": "https://registry.npmjs.org/tmp/-/tmp-0.1.0.tgz",
      "integrity": "sha512-J7Z2K08jbGcdA1kkQpJSqLF6T0tdQqpR2pnSUXsIchbPdTI9v3e85cLW0d6WDhwuAleOV71j2xWs8qMPfK7nKw==",
      "dependencies": {
        "rimraf": "^2.6.3"
      },
      "engines": {
        "node": ">=6"
      }
    },
    "node_modules/tmp-promise": {
      "version": "2.1.1",
      "resolved": "https://registry.npmjs.org/tmp-promise/-/tmp-promise-2.1.1.tgz",
      "integrity": "sha512-Z048AOz/w9b6lCbJUpevIJpRpUztENl8zdv1bmAKVHimfqRFl92ROkmT9rp7TVBnrEw2gtMTol/2Cp2S2kJa4Q==",
      "dependencies": {
        "tmp": "0.1.0"
      }
    },
    "node_modules/tunnel": {
      "version": "0.0.6",
      "resolved": "https://registry.npmjs.org/tunnel/-/tunnel-0.0.6.tgz",
      "integrity": "sha512-1h/Lnq9yajKY2PEbBadPXj3VxsDDu844OnaAo52UVmIzIvwwtBPIuNvkjuzBlTWpfJyUbG3ez0KSBibQkj4ojg==",
      "engines": {
        "node": ">=0.6.11 <=0.7.0 || >=0.7.3"
      }
    },
    "node_modules/wrappy": {
      "version": "1.0.2",
      "resolved": "https://registry.npmjs.org/wrappy/-/wrappy-1.0.2.tgz",
      "integrity": "sha1-tSQ9jz7BqjXxNkYFvA0QNuMKtp8="
    }
  },
  "dependencies": {
    "@actions/artifact": {
      "version": "0.5.2",
      "resolved": "https://registry.npmjs.org/@actions/artifact/-/artifact-0.5.2.tgz",
      "integrity": "sha512-q/r8WSqyxBJ0ffLCRrtjCBTGnAYqP+ID4yG7f7YSlhrQ4thNg/d+Tq9f1YkLPKX46ZR97OWtGDY+oU/nxcqvLw==",
      "requires": {
        "@actions/core": "^1.2.6",
        "@actions/http-client": "^1.0.11",
        "@types/tmp": "^0.1.0",
        "tmp": "^0.1.0",
        "tmp-promise": "^2.0.2"
      }
    },
    "@actions/core": {
      "version": "1.6.0",
      "resolved": "https://registry.npmjs.org/@actions/core/-/core-1.6.0.tgz",
      "integrity": "sha512-NB1UAZomZlCV/LmJqkLhNTqtKfFXJZAUPcfl/zqG7EfsQdeUJtaWO98SGbuQ3pydJ3fHl2CvI/51OKYlCYYcaw==",
      "requires": {
        "@actions/http-client": "^1.0.11"
      }
    },
    "@actions/http-client": {
      "version": "1.0.11",
      "resolved": "https://registry.npmjs.org/@actions/http-client/-/http-client-1.0.11.tgz",
      "integrity": "sha512-VRYHGQV1rqnROJqdMvGUbY/Kn8vriQe/F9HR2AlYHzmKuM/p3kjNuXhmdBfcVgsvRWTz5C5XW5xvndZrVBuAYg==",
      "requires": {
        "tunnel": "0.0.6"
      }
    },
    "@types/tmp": {
      "version": "0.1.0",
      "resolved": "https://registry.npmjs.org/@types/tmp/-/tmp-0.1.0.tgz",
      "integrity": "sha512-6IwZ9HzWbCq6XoQWhxLpDjuADodH/MKXRUIDFudvgjcVdjFknvmR+DNsoUeer4XPrEnrZs04Jj+kfV9pFsrhmA=="
    },
    "balanced-match": {
      "version": "1.0.2",
      "resolved": "https://registry.npmjs.org/balanced-match/-/balanced-match-1.0.2.tgz",
      "integrity": "sha512-3oSeUO0TMV67hN1AmbXsK4yaqU7tjiHlbxRDZOpH0KW9+CeX4bRAaX0Anxt0tx2MrpRpWwQaPwIlISEJhYU5Pw=="
    },
    "brace-expansion": {
      "version": "1.1.11",
      "resolved": "https://registry.npmjs.org/brace-expansion/-/brace-expansion-1.1.11.tgz",
      "integrity": "sha512-iCuPHDFgrHX7H2vEI/5xpz07zSHB00TpugqhmYtVmMO6518mCuRMoOYFldEBl0g187ufozdaHgWKcYFb61qGiA==",
      "requires": {
        "balanced-match": "^1.0.0",
        "concat-map": "0.0.1"
      }
    },
    "concat-map": {
      "version": "0.0.1",
      "resolved": "https://registry.npmjs.org/concat-map/-/concat-map-0.0.1.tgz",
      "integrity": "sha1-2Klr13/Wjfd5OnMDajug1UBdR3s="
    },
    "fs.realpath": {
      "version": "1.0.0",
      "resolved": "https://registry.npmjs.org/fs.realpath/-/fs.realpath-1.0.0.tgz",
      "integrity": "sha1-FQStJSMVjKpA20onh8sBQRmU6k8="
    },
    "glob": {
      "version": "7.2.0",
      "resolved": "https://registry.npmjs.org/glob/-/glob-7.2.0.tgz",
      "integrity": "sha512-lmLf6gtyrPq8tTjSmrO94wBeQbFR3HbLHbuyD69wuyQkImp2hWqMGB47OX65FBkPffO641IP9jWa1z4ivqG26Q==",
      "requires": {
        "fs.realpath": "^1.0.0",
        "inflight": "^1.0.4",
        "inherits": "2",
        "minimatch": "^3.0.4",
        "once": "^1.3.0",
        "path-is-absolute": "^1.0.0"
      }
    },
    "inflight": {
      "version": "1.0.6",
      "resolved": "https://registry.npmjs.org/inflight/-/inflight-1.0.6.tgz",
      "integrity": "sha1-Sb1jMdfQLQwJvJEKEHW6gWW1bfk=",
      "requires": {
        "once": "^1.3.0",
        "wrappy": "1"
      }
    },
    "inherits": {
      "version": "2.0.4",
      "resolved": "https://registry.npmjs.org/inherits/-/inherits-2.0.4.tgz",
      "integrity": "sha512-k/vGaX4/Yla3WzyMCvTQOXYeIHvqOKtnqBduzTHpzpQZzAskKMhZ2K+EnBiSM9zGSoIFeMpXKxa4dYeZIQqewQ=="
    },
    "minimatch": {
      "version": "3.1.2",
      "resolved": "https://registry.npmjs.org/minimatch/-/minimatch-3.1.2.tgz",
      "integrity": "sha512-J7p63hRiAjw1NDEww1W7i37+ByIrOWO5XQQAzZ3VOcL0PNybwpfmV/N05zFAzwQ9USyEcX6t3UO+K5aqBQOIHw==",
      "requires": {
        "brace-expansion": "^1.1.7"
      }
    },
    "once": {
      "version": "1.4.0",
      "resolved": "https://registry.npmjs.org/once/-/once-1.4.0.tgz",
      "integrity": "sha1-WDsap3WWHUsROsF9nFC6753Xa9E=",
      "requires": {
        "wrappy": "1"
      }
    },
    "path-is-absolute": {
      "version": "1.0.1",
      "resolved": "https://registry.npmjs.org/path-is-absolute/-/path-is-absolute-1.0.1.tgz",
      "integrity": "sha1-F0uSaHNVNP+8es5r9TpanhtcX18="
    },
    "rimraf": {
      "version": "2.7.1",
      "resolved": "https://registry.npmjs.org/rimraf/-/rimraf-2.7.1.tgz",
      "integrity": "sha512-uWjbaKIK3T1OSVptzX7Nl6PvQ3qAGtKEtVRjRuazjfL3Bx5eI409VZSqgND+4UNnmzLVdPj9FqFJNPqBZFve4w==",
      "requires": {
        "glob": "^7.1.3"
      }
    },
    "tmp": {
      "version": "0.1.0",
      "resolved": "https://registry.npmjs.org/tmp/-/tmp-0.1.0.tgz",
      "integrity": "sha512-J7Z2K08jbGcdA1kkQpJSqLF6T0tdQqpR2pnSUXsIchbPdTI9v3e85cLW0d6WDhwuAleOV71j2xWs8qMPfK7nKw==",
      "requires": {
        "rimraf": "^2.6.3"
      }
    },
    "tmp-promise": {
      "version": "2.1.1",
      "resolved": "https://registry.npmjs.org/tmp-promise/-/tmp-promise-2.1.1.tgz",
      "integrity": "sha512-Z048AOz/w9b6lCbJUpevIJpRpUztENl8zdv1bmAKVHimfqRFl92ROkmT9rp7TVBnrEw2gtMTol/2Cp2S2kJa4Q==",
      "requires": {
        "tmp": "0.1.0"
      }
    },
    "tunnel": {
      "version": "0.0.6",
      "resolved": "https://registry.npmjs.org/tunnel/-/tunnel-0.0.6.tgz",
      "integrity": "sha512-1h/Lnq9yajKY2PEbBadPXj3VxsDDu844OnaAo52UVmIzIvwwtBPIuNvkjuzBlTWpfJyUbG3ez0KSBibQkj4ojg=="
    },
    "wrappy": {
      "version": "1.0.2",
      "resolved": "https://registry.npmjs.org/wrappy/-/wrappy-1.0.2.tgz",
      "integrity": "sha1-tSQ9jz7BqjXxNkYFvA0QNuMKtp8="
    }
  }
}
